
Microsoft Visual Studio Solution File, Format Version 12.00
# Visual Studio 2013
VisualStudioVersion = 12.0.30501.0
MinimumVisualStudioVersion = 10.0.40219.1
Project("{FAE04EC0-301F-11D3-BF4B-00C04F79EFBC}") = "victima", "victima\victima.csproj", "{2483F8E7-425D-43B5-8DA5-FACD1E1C686A}"
EndProject
Project("{FAE04EC0-301F-11D3-BF4B-00C04F79EFBC}") = "miyu_consola", "miyu_consola\miyu_consola.csproj", "{C1AC62A0-3A34-4574-BF4C-2BEE9BD2891D}"
EndProject
Global
	GlobalSection(SolutionConfigurationPlatforms) = preSolution
		Debug|Any CPU = Debug|Any CPU
		Release|Any CPU = Release|Any CPU
	EndGlobalSection
	GlobalSection(ProjectConfigurationPlatforms) = postSolution
		{2483F8E7-425D-43B5-8DA5-FACD1E1C686A}.Debug|Any CPU.ActiveCfg = Debug|Any CPU
		{2483F8E7-425D-43B5-8DA5-FACD1E1C686A}.Debug|Any CPU.Build.0 = Debug|Any CPU
		{2483F8E7-425D-43B5-8DA5-FACD1E1C686A}.Release|Any CPU.ActiveCfg = Release|Any CPU
		{2483F8E7-425D-43B5-8DA5-FACD1E1C686A}.Release|Any CPU.Build.0 = Release|Any CPU
		{C1AC62A0-3A34-4574-BF4C-2BEE9BD2891D}.Debug|Any CPU.ActiveCfg = Debug|Any CPU
		{C1AC62A0-3A34-4574-BF4C-2BEE9BD2891D}.Debug|Any CPU.Build.0 = Debug|Any CPU
		{C1AC62A0-3A34-4574-BF4C-2BEE9BD2891D}.Release|Any CPU.ActiveCfg = Release|Any CPU
		{C1AC62A0-3A34-4574-BF4C-2BEE9BD2891D}.Release|Any CPU.Build.0 = Release|Any CPU
	EndGlobalSection
	GlobalSection(SolutionProperties) = preSolution
		HideSolutionNode = FALSE
	EndGlobalSection
EndGlobal
